{
  "name": "@rsthn/rin-front",
  "version": "1.0.13",
  "lockfileVersion": 1,
  "requires": true,
  "dependencies": {
    "@rsthn/rin": {
      "version": "2.0.21",
      "resolved": "https://registry.npmjs.org/@rsthn/rin/-/rin-2.0.21.tgz",
      "integrity": "sha512-85XSjEC4jJrYqgYJSMcYK7X4Eq2PaV3T+iOwwYdLeKO4cYIhxVZsaUXNLGiW+UoSaNw92XNX1rJcoe6iYF5j5w==",
      "requires": {
        "base-64": "^1.0.0",
        "node-fetch": "^2.6.1"
      }
    },
    "base-64": {
      "version": "1.0.0",
      "resolved": "https://registry.npmjs.org/base-64/-/base-64-1.0.0.tgz",
      "integrity": "sha512-kwDPIFCGx0NZHog36dj+tHiwP4QMzsZ3AgMViUBKI0+V5n4U0ufTCUMhnQ04diaRI8EX/QcPfql7zlhZ7j4zgg=="
    },
    "node-fetch": {
      "version": "2.6.1",
      "resolved": "https://registry.npmjs.org/node-fetch/-/node-fetch-2.6.1.tgz",
      "integrity": "sha512-V4aYg89jEoVRxRb2fJdAg8FHvI7cEyYdVAh94HH0UIK8oJxUfkjlDQN9RbMx+bEjP7+ggMiFRprSti032Oipxw=="
    }
  }
}
